// !$*UTF8*$!
{
	archiveVersion = 1;
	classes = {
	};
	objectVersion = 50;
	objects = {

/* Begin PBXBuildFile section */
		2F50A67B22B1A2DA00A3A5A8 /* MyInstallerPane.m in Sources */ = {isa = PBXBuildFile; fileRef = 2F50A67A22B1A2DA00A3A5A8 /* MyInstallerPane.m */; };
		2F50A67E22B1A2DA00A3A5A8 /* MyInstallerPane.xib in Resources */ = {isa = PBXBuildFile; fileRef = 2F50A67C22B1A2DA00A3A5A8 /* MyInstallerPane.xib */; };
		2F50A68122B1A2DA00A3A5A8 /* Localizable.strings in Resources */ = {isa = PBXBuildFile; fileRef = 2F50A67F22B1A2DA00A3A5A8 /* Localizable.strings */; };
		2F50A68322B1A2DA00A3A5A8 /* InstallerSections.plist in Resources */ = {isa = PBXBuildFile; fileRef = 2F50A68222B1A2DA00A3A5A8 /* InstallerSections.plist */; };
		2F50A68722B1A2DA00A3A5A8 /* InfoPlist.strings in Resources */ = {isa = PBXBuildFile; fileRef = 2F50A68522B1A2DA00A3A5A8 /* InfoPlist.strings */; };
/* End PBXBuildFile section */

/* Begin PBXFileReference section */
		2F50A67622B1A2DA00A3A5A8 /* MacInstallerPlugin.bundle */ = {isa = PBXFileReference; explicitFileType = wrapper.cfbundle; includeInIndex = 0; path = MacInstallerPlugin.bundle; sourceTree = BUILT_PRODUCTS_DIR; };
		2F50A67922B1A2DA00A3A5A8 /* MyInstallerPane.h */ = {isa = PBXFileReference; lastKnownFileType = sourcecode.c.h; path = MyInstallerPane.h; sourceTree = "<group>"; };
		2F50A67A22B1A2DA00A3A5A8 /* MyInstallerPane.m */ = {isa = PBXFileReference; lastKnownFileType = sourcecode.c.objc; path = MyInstallerPane.m; sourceTree = "<group>"; };
		2F50A67D22B1A2DA00A3A5A8 /* Base */ = {isa = PBXFileReference; lastKnownFileType = file.xib; name = Base; path = Base.lproj/MyInstallerPane.xib; sourceTree = "<group>"; };
		2F50A68022B1A2DA00A3A5A8 /* en */ = {isa = PBXFileReference; lastKnownFileType = text.plist.strings; name = en; path = en.lproj/Localizable.strings; sourceTree = "<group>"; };
		2F50A68222B1A2DA00A3A5A8 /* InstallerSections.plist */ = {isa = PBXFileReference; lastKnownFileType = text.plist.xml; path = InstallerSections.plist; sourceTree = "<group>"; };
		2F50A68422B1A2DA00A3A5A8 /* Info.plist */ = {isa = PBXFileReference; lastKnownFileType = text.plist.xml; path = Info.plist; sourceTree = "<group>"; };
		2F50A68622B1A2DA00A3A5A8 /* en */ = {isa = PBXFileReference; lastKnownFileType = text.plist.strings; name = en; path = en.lproj/InfoPlist.strings; sourceTree = "<group>"; };
/* End PBXFileReference section */

/* Begin PBXFrameworksBuildPhase section */
		2F50A67322B1A2DA00A3A5A8 /* Frameworks */ = {
			isa = PBXFrameworksBuildPhase;
			buildActionMask = 2147483647;
			files = (
			);
			runOnlyForDeploymentPostprocessing = 0;
		};
/* End PBXFrameworksBuildPhase section */

/* Begin PBXGroup section */
		2F50A66D22B1A2DA00A3A5A8 = {
			isa = PBXGroup;
			children = (
				2F50A67822B1A2DA00A3A5A8 /* MacInstallerPlugin */,
				2F50A67722B1A2DA00A3A5A8 /* Products */,
			);
			sourceTree = "<group>";
		};
		2F50A67722B1A2DA00A3A5A8 /* Products */ = {
			isa = PBXGroup;
			children = (
				2F50A67622B1A2DA00A3A5A8 /* MacInstallerPlugin.bundle */,
			);
			name = Products;
			sourceTree = "<group>";
		};
		2F50A67822B1A2DA00A3A5A8 /* MacInstallerPlugin */ = {
			isa = PBXGroup;
			children = (
				2F50A67922B1A2DA00A3A5A8 /* MyInstallerPane.h */,
				2F50A67A22B1A2DA00A3A5A8 /* MyInstallerPane.m */,
				2F50A67C22B1A2DA00A3A5A8 /* MyInstallerPane.xib */,
				2F50A67F22B1A2DA00A3A5A8 /* Localizable.strings */,
				2F50A68222B1A2DA00A3A5A8 /* InstallerSections.plist */,
				2F50A68422B1A2DA00A3A5A8 /* Info.plist */,
				2F50A68522B1A2DA00A3A5A8 /* InfoPlist.strings */,
			);
			path = MacInstallerPlugin;
			sourceTree = "<group>";
		};
/* End PBXGroup section */

/* Begin PBXNativeTarget section */
		2F50A67522B1A2DA00A3A5A8 /* MacInstallerPlugin */ = {
			isa = PBXNativeTarget;
			buildConfigurationList = 2F50A68A22B1A2DA00A3A5A8 /* Build configuration list for PBXNativeTarget "MacInstallerPlugin" */;
			buildPhases = (
				2F50A67222B1A2DA00A3A5A8 /* Sources */,
				2F50A67322B1A2DA00A3A5A8 /* Frameworks */,
				2F50A67422B1A2DA00A3A5A8 /* Resources */,
			);
			buildRules = (
			);
			dependencies = (
			);
			name = MacInstallerPlugin;
			productName = MacInstallerPlugin;
			productReference = 2F50A67622B1A2DA00A3A5A8 /* MacInstallerPlugin.bundle */;
			productType = "com.apple.product-type.bundle";
		};
/* End PBXNativeTarget section */

/* Begin PBXProject section */
		2F50A66E22B1A2DA00A3A5A8 /* Project object */ = {
			isa = PBXProject;
			attributes = {
				LastUpgradeCheck = 1010;
				ORGANIZATIONNAME = "Tyler Anger";
				TargetAttributes = {
					2F50A67522B1A2DA00A3A5A8 = {
						CreatedOnToolsVersion = 10.1;
					};
				};
			};
			buildConfigurationList = 2F50A67122B1A2DA00A3A5A8 /* Build configuration list for PBXProject "MacInstallerPlugin" */;
			compatibilityVersion = "Xcode 9.3";
			developmentRegion = en;
			hasScannedForEncodings = 0;
			knownRegions = (
				en,
				Base,
			);
			mainGroup = 2F50A66D22B1A2DA00A3A5A8;
			productRefGroup = 2F50A67722B1A2DA00A3A5A8 /* Products */;
			projectDirPath = "";
			projectRoot = "";
			targets = (
				2F50A67522B1A2DA00A3A5A8 /* MacInstallerPlugin */,
			);
		};
/* End PBXProject section */

/* Begin PBXResourcesBuildPhase section */
		2F50A67422B1A2DA00A3A5A8 /* Resources */ = {
			isa = PBXResourcesBuildPhase;
			buildActionMask = 2147483647;
			files = (
				2F50A67E22B1A2DA00A3A5A8 /* MyInstallerPane.xib in Resources */,
				2F50A68722B1A2DA00A3A5A8 /* InfoPlist.strings in Resources */,
				2F50A68122B1A2DA00A3A5A8 /* Localizable.strings in Resources */,
				2F50A68322B1A2DA00A3A5A8 /* InstallerSections.plist in Resources */,
			);
			runOnlyForDeploymentPostprocessing = 0;
		};
/* End PBXResourcesBuildPhase section */

/* Begin PBXSourcesBuildPhase section */
		2F50A67222B1A2DA00A3A5A8 /* Sources */ = {
			isa = PBXSourcesBuildPhase;
			buildActionMask = 2147483647;
			files = (
				2F50A67B22B1A2DA00A3A5A8 /* MyInstallerPane.m in Sources */,
			);
			runOnlyForDeploymentPostprocessing = 0;
		};
/* End PBXSourcesBuildPhase section */

/* Begin PBXVariantGroup section */
		2F50A67C22B1A2DA00A3A5A8 /* MyInstallerPane.xib */ = {
			isa = PBXVariantGroup;
			children = (
				2F50A67D22B1A2DA00A3A5A8 /* Base */,
			);
			name = MyInstallerPane.xib;
			sourceTree = "<group>";
		};
		2F50A67F22B1A2DA00A3A5A8 /* Localizable.strings */ = {
			isa = PBXVariantGroup;
			children = (
				2F50A68022B1A2DA00A3A5A8 /* en */,
			);
			name = Localizable.strings;
			sourceTree = "<group>";
		};
		2F50A68522B1A2DA00A3A5A8 /* InfoPlist.strings */ = {
			isa = PBXVariantGroup;
			children = (
				2F50A68622B1A2DA00A3A5A8 /* en */,
			);
			name = InfoPlist.strings;
			sourceTree = "<group>";
		};
/* End PBXVariantGroup section */

/* Begin XCBuildConfiguration section */
		2F50A68822B1A2DA00A3A5A8 /* Debug */ = {
			isa = XCBuildConfiguration;
			buildSettings = {
				ALWAYS_SEARCH_USER_PATHS = NO;
				CLANG_ANALYZER_NONNULL = YES;
				CLANG_ANALYZER_NUMBER_OBJECT_CONVERSION = YES_AGGRESSIVE;
				CLANG_CXX_LANGUAGE_STANDARD = "gnu++14";
				CLANG_CXX_LIBRARY = "libc++";
				CLANG_ENABLE_MODULES = YES;
				CLANG_ENABLE_OBJC_ARC = YES;
				CLANG_ENABLE_OBJC_WEAK = YES;
				CLANG_WARN_BLOCK_CAPTURE_AUTORELEASING = YES;
				CLANG_WARN_BOOL_CONVERSION = YES;
				CLANG_WARN_COMMA = YES;
				CLANG_WARN_CONSTANT_CONVERSION = YES;
				CLANG_WARN_DEPRECATED_OBJC_IMPLEMENTATIONS = YES;
				CLANG_WARN_DIRECT_OBJC_ISA_USAGE = YES_ERROR;
				CLANG_WARN_DOCUMENTATION_COMMENTS = YES;
				CLANG_WARN_EMPTY_BODY = YES;
				CLANG_WARN_ENUM_CONVERSION = YES;
				CLANG_WARN_INFINITE_RECURSION = YES;
				CLANG_WARN_INT_CONVERSION = YES;
				CLANG_WARN_NON_LITERAL_NULL_CONVERSION = YES;
				CLANG_WARN_OBJC_IMPLICIT_RETAIN_SELF = YES;
				CLANG_WARN_OBJC_LITERAL_CONVERSION = YES;
				CLANG_WARN_OBJC_ROOT_CLASS = YES_ERROR;
				CLANG_WARN_RANGE_LOOP_ANALYSIS = YES;
				CLANG_WARN_STRICT_PROTOTYPES = YES;
				CLANG_WARN_SUSPICIOUS_MOVE = YES;
				CLANG_WARN_UNGUARDED_AVAILABILITY = YES_AGGRESSIVE;
				CLANG_WARN_UNREACHABLE_CODE = YES;
				CLANG_WARN__DUPLICATE_METHOD_MATCH = YES;
				CODE_SIGN_IDENTITY = "-";
				COPY_PHASE_STRIP = NO;
				DEBUG_INFORMATION_FORMAT = dwarf;
				ENABLE_STRICT_OBJC_MSGSEND = YES;
				ENABLE_TESTABILITY = YES;
				GCC_C_LANGUAGE_STANDARD = gnu11;
				GCC_DYNAMIC_NO_PIC = NO;
				GCC_NO_COMMON_BLOCKS = YES;
				GCC_OPTIMIZATION_LEVEL = 0;
				GCC_PREPROCESSOR_DEFINITIONS = (
					"DEBUG=1",
					"$(inherited)",
				);
				GCC_WARN_64_TO_32_BIT_CONVERSION = YES;
				GCC_WARN_ABOUT_RETURN_TYPE = YES_ERROR;
				GCC_WARN_UNDECLARED_SELECTOR = YES;
				GCC_WARN_UNINITIALIZED_AUTOS = YES_AGGRESSIVE;
				GCC_WARN_UNUSED_FUNCTION = YES;
				GCC_WARN_UNUSED_VARIABLE = YES;
				MACOSX_DEPLOYMENT_TARGET = 10.14;
				MTL_ENABLE_DEBUG_INFO = INCLUDE_SOURCE;
				MTL_FAST_MATH = YES;
				ONLY_ACTIVE_ARCH = YES;
				SDKROOT = macosx;
			};
			name = Debug;
		};
		2F50A68922B1A2DA00A3A5A8 /* Release */ = {
			isa = XCBuildConfiguration;
			buildSettings = {
				ALWAYS_SEARCH_USER_PATHS = NO;
				CLANG_ANALYZER_NONNULL = YES;
				CLANG_ANALYZER_NUMBER_OBJECT_CONVERSION = YES_AGGRESSIVE;
				CLANG_CXX_LANGUAGE_STANDARD = "gnu++14";
				CLANG_CXX_LIBRARY = "libc++";
				CLANG_ENABLE_MODULES = YES;
				CLANG_ENABLE_OBJC_ARC = YES;
				CLANG_ENABLE_OBJC_WEAK = YES;
				CLANG_WARN_BLOCK_CAPTURE_AUTORELEASING = YES;
				CLANG_WARN_BOOL_CONVERSION = YES;
				CLANG_WARN_COMMA = YES;
				CLANG_WARN_CONSTANT_CONVERSION = YES;
				CLANG_WARN_DEPRECATED_OBJC_IMPLEMENTATIONS = YES;
				CLANG_WARN_DIRECT_OBJC_ISA_USAGE = YES_ERROR;
				CLANG_WARN_DOCUMENTATION_COMMENTS = YES;
				CLANG_WARN_EMPTY_BODY = YES;
				CLANG_WARN_ENUM_CONVERSION = YES;
				CLANG_WARN_INFINITE_RECURSION = YES;
				CLANG_WARN_INT_CONVERSION = YES;
				CLANG_WARN_NON_LITERAL_NULL_CONVERSION = YES;
				CLANG_WARN_OBJC_IMPLICIT_RETAIN_SELF = YES;
				CLANG_WARN_OBJC_LITERAL_CONVERSION = YES;
				CLANG_WARN_OBJC_ROOT_CLASS = YES_ERROR;
				CLANG_WARN_RANGE_LOOP_ANALYSIS = YES;
				CLANG_WARN_STRICT_PROTOTYPES = YES;
				CLANG_WARN_SUSPICIOUS_MOVE = YES;
				CLANG_WARN_UNGUARDED_AVAILABILITY = YES_AGGRESSIVE;
				CLANG_WARN_UNREACHABLE_CODE = YES;
				CLANG_WARN__DUPLICATE_METHOD_MATCH = YES;
				CODE_SIGN_IDENTITY = "-";
				COPY_PHASE_STRIP = NO;
				DEBUG_INFORMATION_FORMAT = "dwarf-with-dsym";
				ENABLE_NS_ASSERTIONS = NO;
				ENABLE_STRICT_OBJC_MSGSEND = YES;
				GCC_C_LANGUAGE_STANDARD = gnu11;
				GCC_NO_COMMON_BLOCKS = YES;
				GCC_WARN_64_TO_32_BIT_CONVERSION = YES;
				GCC_WARN_ABOUT_RETURN_TYPE = YES_ERROR;
				GCC_WARN_UNDECLARED_SELECTOR = YES;
				GCC_WARN_UNINITIALIZED_AUTOS = YES_AGGRESSIVE;
				GCC_WARN_UNUSED_FUNCTION = YES;
				GCC_WARN_UNUSED_VARIABLE = YES;
				MACOSX_DEPLOYMENT_TARGET = 10.14;
				MTL_ENABLE_DEBUG_INFO = NO;
				MTL_FAST_MATH = YES;
				SDKROOT = macosx;
			};
			name = Release;
		};
		2F50A68B22B1A2DA00A3A5A8 /* Debug */ = {
			isa = XCBuildConfiguration;
			buildSettings = {
				CODE_SIGN_STYLE = Automatic;
				COMBINE_HIDPI_IMAGES = YES;
				INFOPLIST_FILE = MacInstallerPlugin/Info.plist;
				INSTALL_PATH = "$(HOME)/Library/Bundles";
				PRODUCT_BUNDLE_IDENTIFIER = com.MacInstallerPlugin;
				PRODUCT_NAME = "$(TARGET_NAME)";
				WRAPPER_EXTENSION = bundle;
			};
			name = Debug;
		};
		2F50A68C22B1A2DA00A3A5A8 /* Release */ = {
			isa = XCBuildConfiguration;
			buildSettings = {
				CODE_SIGN_STYLE = Automatic;
				COMBINE_HIDPI_IMAGES = YES;
				INFOPLIST_FILE = MacInstallerPlugin/Info.plist;
				INSTALL_PATH = "$(HOME)/Library/Bundles";
				PRODUCT_BUNDLE_IDENTIFIER = com.MacInstallerPlugin;
				PRODUCT_NAME = "$(TARGET_NAME)";
				WRAPPER_EXTENSION = bundle;
			};
			name = Release;
		};
/* End XCBuildConfiguration section */

/* Begin XCConfigurationList section */
		2F50A67122B1A2DA00A3A5A8 /* Build configuration list for PBXProject "MacInstallerPlugin" */ = {
			isa = XCConfigurationList;
			buildConfigurations = (
				2F50A68822B1A2DA00A3A5A8 /* Debug */,
				2F50A68922B1A2DA00A3A5A8 /* Release */,
			);
			defaultConfigurationIsVisible = 0;
			defaultConfigurationName = Release;
		};
		2F50A68A22B1A2DA00A3A5A8 /* Build configuration list for PBXNativeTarget "MacInstallerPlugin" */ = {
			isa = XCConfigurationList;
			buildConfigurations = (
				2F50A68B22B1A2DA00A3A5A8 /* Debug */,
				2F50A68C22B1A2DA00A3A5A8 /* Release */,
			);
			defaultConfigurationIsVisible = 0;
			defaultConfigurationName = Release;
		};
/* End XCConfigurationList section */
	};
	rootObject = 2F50A66E22B1A2DA00A3A5A8 /* Project object */;
}
